
Microsoft Visual Studio Solution File, Format Version 12.00
# Visual Studio Version 16
VisualStudioVersion = 16.0.30413.136
MinimumVisualStudioVersion = 10.0.40219.1
Project("{8BC9CEB8-8B4A-11D0-8D11-00A0C91BC942}") = "backjoon2748", "backjoon2748.vcxproj", "{7E799FD0-8C57-4057-B1BB-D7E572697C61}"
EndProject
Global
	GlobalSection(SolutionConfigurationPlatforms) = preSolution
		Debug|x64 = Debug|x64
		Debug|x86 = Debug|x86
		Release|x64 = Release|x64
		Release|x86 = Release|x86
	EndGlobalSection
	GlobalSection(ProjectConfigurationPlatforms) = postSolution
		{7E799FD0-8C57-4057-B1BB-D7E572697C61}.Debug|x64.ActiveCfg = Debug|x64
		{7E799FD0-8C57-4057-B1BB-D7E572697C61}.Debug|x64.Build.0 = Debug|x64
		{7E799FD0-8C57-4057-B1BB-D7E572697C61}.Debug|x86.ActiveCfg = Debug|Win32
		{7E799FD0-8C57-4057-B1BB-D7E572697C61}.Debug|x86.Build.0 = Debug|Win32
		{7E799FD0-8C57-4057-B1BB-D7E572697C61}.Release|x64.ActiveCfg = Release|x64
		{7E799FD0-8C57-4057-B1BB-D7E572697C61}.Release|x64.Build.0 = Release|x64
		{7E799FD0-8C57-4057-B1BB-D7E572697C61}.Release|x86.ActiveCfg = Release|Win32
		{7E799FD0-8C57-4057-B1BB-D7E572697C61}.Release|x86.Build.0 = Release|Win32
	EndGlobalSection
	GlobalSection(SolutionProperties) = preSolution
		HideSolutionNode = FALSE
	EndGlobalSection
	GlobalSection(ExtensibilityGlobals) = postSolution
		SolutionGuid = {B993CB68-FF8B-473F-A4AA-C0656ADB5376}
	EndGlobalSection
EndGlobal
